
Microsoft Visual Studio Solution File, Format Version 12.00
# Visual Studio Version 17
VisualStudioVersion = 17.5.33530.505
MinimumVisualStudioVersion = 10.0.40219.1
Project("{8BC9CEB8-8B4A-11D0-8D11-00A0C91BC942}") = "Sanbox", "Sanbox\Sanbox.vcxproj", "{978A5616-3262-45E4-939D-FE347E183B55}"
EndProject
Project("{8BC9CEB8-8B4A-11D0-8D11-00A0C91BC942}") = "Hazel", "Hazel\Hazel.vcxproj", "{E377D323-5D53-4240-9339-ED91021B1982}"
EndProject
Global
	GlobalSection(SolutionConfigurationPlatforms) = preSolution
		Debug|x64 = Debug|x64
		Release|x64 = Release|x64
	EndGlobalSection
	GlobalSection(ProjectConfigurationPlatforms) = postSolution
		{E377D323-5D53-4240-9339-ED91021B1982}.Debug|x64.ActiveCfg = Debug|x64
		{E377D323-5D53-4240-9339-ED91021B1982}.Debug|x64.Build.0 = Debug|x64
		{E377D323-5D53-4240-9339-ED91021B1982}.Release|x64.ActiveCfg = Release|x64
		{E377D323-5D53-4240-9339-ED91021B1982}.Release|x64.Build.0 = Release|x64
		{978A5616-3262-45E4-939D-FE347E183B55}.Debug|x64.ActiveCfg = Debug|x64
		{978A5616-3262-45E4-939D-FE347E183B55}.Debug|x64.Build.0 = Debug|x64
		{978A5616-3262-45E4-939D-FE347E183B55}.Release|x64.ActiveCfg = Release|x64
		{978A5616-3262-45E4-939D-FE347E183B55}.Release|x64.Build.0 = Release|x64
	EndGlobalSection
	GlobalSection(SolutionProperties) = preSolution
		HideSolutionNode = FALSE
	EndGlobalSection
	GlobalSection(ExtensibilityGlobals) = postSolution
		SolutionGuid = {E834EEE4-D9D1-49AD-BC41-9ED80B3BB012}
	EndGlobalSection
EndGlobal
