<?xml version="1.0" encoding="utf-8"?>
<Project ToolsVersion="4.0" xmlns="http://schemas.microsoft.com/developer/msbuild/2003">
  <ItemGroup>
    <Filter Include="Hazel">
      <UniqueIdentifier>{99294D0D-053E-75BE-CEBF-181E3A9371EF}</UniqueIdentifier>
    </Filter>
    <Filter Include="Hazel\Event">
      <UniqueIdentifier>{AAB91B9B-166F-9490-9F63-8E670B188B94}</UniqueIdentifier>
    </Filter>
    <Filter Include="Hazel\ImGui">
      <UniqueIdentifier>{83AD5E9B-EF62-D790-7857-D167E40BCE94}</UniqueIdentifier>
    </Filter>
    <Filter Include="Hazel\PlathForm">
      <UniqueIdentifier>{752D8070-E1B8-ED34-EAC9-702956D44935}</UniqueIdentifier>
    </Filter>
    <Filter Include="Hazel\PlathForm\OpenGL">
      <UniqueIdentifier>{09815E4F-F57A-87A1-DEE7-1DB2CA80ED0D}</UniqueIdentifier>
    </Filter>
    <Filter Include="Hazel\PlathForm\Windows">
      <UniqueIdentifier>{AF7C4A93-1BB4-922A-24BE-F64D9074B923}</UniqueIdentifier>
    </Filter>
  </ItemGroup>
  <ItemGroup>
    <ClInclude Include="src\Hazel.h" />
    <ClInclude Include="src\Hazel\Application.h">
      <Filter>Hazel</Filter>
    </ClInclude>
    <ClInclude Include="src\Hazel\Core.h">
      <Filter>Hazel</Filter>
    </ClInclude>
    <ClInclude Include="src\Hazel\EntryPoint.h">
      <Filter>Hazel</Filter>
    </ClInclude>
    <ClInclude Include="src\Hazel\Event\ApplicationEvent.h">
      <Filter>Hazel\Event</Filter>
    </ClInclude>
    <ClInclude Include="src\Hazel\Event\Event.h">
      <Filter>Hazel\Event</Filter>
    </ClInclude>
    <ClInclude Include="src\Hazel\Event\KeyEvent.h">
      <Filter>Hazel\Event</Filter>
    </ClInclude>
    <ClInclude Include="src\Hazel\Event\MouseEvent.h">
      <Filter>Hazel\Event</Filter>
    </ClInclude>
    <ClInclude Include="src\Hazel\ImGui\ImGuiLayer.h">
      <Filter>Hazel\ImGui</Filter>
    </ClInclude>
    <ClInclude Include="src\Hazel\Layer.h">
      <Filter>Hazel</Filter>
    </ClInclude>
    <ClInclude Include="src\Hazel\LayerStack.h">
      <Filter>Hazel</Filter>
    </ClInclude>
    <ClInclude Include="src\Hazel\Log.h">
      <Filter>Hazel</Filter>
    </ClInclude>
    <ClInclude Include="src\Hazel\PlathForm\OpenGL\ImGuiOpenGLRenderer.h">
      <Filter>Hazel\PlathForm\OpenGL</Filter>
    </ClInclude>
    <ClInclude Include="src\Hazel\PlathForm\Windows\WindowsWindow.h">
      <Filter>Hazel\PlathForm\Windows</Filter>
    </ClInclude>
    <ClInclude Include="src\Hazel\Window.h">
      <Filter>Hazel</Filter>
    </ClInclude>
    <ClInclude Include="src\hzpch.h" />
    <ClInclude Include="src\Hazel\Input.h" />
    <ClInclude Include="src\Hazel\PlathForm\Windows\WindowsInput.h" />
  </ItemGroup>
  <ItemGroup>
    <ClCompile Include="src\Hazel\Application.cpp">
      <Filter>Hazel</Filter>
    </ClCompile>
    <ClCompile Include="src\Hazel\ImGui\ImGuiLayer.cpp">
      <Filter>Hazel\ImGui</Filter>
    </ClCompile>
    <ClCompile Include="src\Hazel\Layer.cpp">
      <Filter>Hazel</Filter>
    </ClCompile>
    <ClCompile Include="src\Hazel\LayerStack.cpp">
      <Filter>Hazel</Filter>
    </ClCompile>
    <ClCompile Include="src\Hazel\Log.cpp">
      <Filter>Hazel</Filter>
    </ClCompile>
    <ClCompile Include="src\Hazel\PlathForm\OpenGL\ImGuiOpenGLRenderer.cpp">
      <Filter>Hazel\PlathForm\OpenGL</Filter>
    </ClCompile>
    <ClCompile Include="src\Hazel\PlathForm\Windows\WindowsWindow.cpp">
      <Filter>Hazel\PlathForm\Windows</Filter>
    </ClCompile>
    <ClCompile Include="src\hazpch.cpp" />
    <ClCompile Include="src\Hazel\PlathForm\Windows\WindowsInput.cpp" />
  </ItemGroup>
</Project>